
Microsoft Visual Studio Solution File, Format Version 12.00
# Visual Studio 15
VisualStudioVersion = 15.0.27703.2035
MinimumVisualStudioVersion = 10.0.40219.1
Project("{8BC9CEB8-8B4A-11D0-8D11-00A0C91BC942}") = "Project1102", "Project1102.vcxproj", "{97F44502-5BBA-41EF-BFB3-585C7C58649A}"
EndProject
Global
	GlobalSection(SolutionConfigurationPlatforms) = preSolution
		Debug|x64 = Debug|x64
		Debug|x86 = Debug|x86
		Release|x64 = Release|x64
		Release|x86 = Release|x86
	EndGlobalSection
	GlobalSection(ProjectConfigurationPlatforms) = postSolution
		{97F44502-5BBA-41EF-BFB3-585C7C58649A}.Debug|x64.ActiveCfg = Debug|x64
		{97F44502-5BBA-41EF-BFB3-585C7C58649A}.Debug|x64.Build.0 = Debug|x64
		{97F44502-5BBA-41EF-BFB3-585C7C58649A}.Debug|x86.ActiveCfg = Debug|Win32
		{97F44502-5BBA-41EF-BFB3-585C7C58649A}.Debug|x86.Build.0 = Debug|Win32
		{97F44502-5BBA-41EF-BFB3-585C7C58649A}.Release|x64.ActiveCfg = Release|x64
		{97F44502-5BBA-41EF-BFB3-585C7C58649A}.Release|x64.Build.0 = Release|x64
		{97F44502-5BBA-41EF-BFB3-585C7C58649A}.Release|x86.ActiveCfg = Release|Win32
		{97F44502-5BBA-41EF-BFB3-585C7C58649A}.Release|x86.Build.0 = Release|Win32
	EndGlobalSection
	GlobalSection(SolutionProperties) = preSolution
		HideSolutionNode = FALSE
	EndGlobalSection
	GlobalSection(ExtensibilityGlobals) = postSolution
		SolutionGuid = {C21A996B-663B-4F24-B9B4-A16E4E0CDE99}
	EndGlobalSection
EndGlobal
