
Microsoft Visual Studio Solution File, Format Version 12.00
# Visual Studio 15
VisualStudioVersion = 15.0.27703.2035
MinimumVisualStudioVersion = 10.0.40219.1
Project("{8BC9CEB8-8B4A-11D0-8D11-00A0C91BC942}") = "Project0928", "Project0928.vcxproj", "{5C7698B5-7C40-4420-9546-DDFCC9880567}"
EndProject
Global
	GlobalSection(SolutionConfigurationPlatforms) = preSolution
		Debug|x64 = Debug|x64
		Debug|x86 = Debug|x86
		Release|x64 = Release|x64
		Release|x86 = Release|x86
	EndGlobalSection
	GlobalSection(ProjectConfigurationPlatforms) = postSolution
		{5C7698B5-7C40-4420-9546-DDFCC9880567}.Debug|x64.ActiveCfg = Debug|x64
		{5C7698B5-7C40-4420-9546-DDFCC9880567}.Debug|x64.Build.0 = Debug|x64
		{5C7698B5-7C40-4420-9546-DDFCC9880567}.Debug|x86.ActiveCfg = Debug|Win32
		{5C7698B5-7C40-4420-9546-DDFCC9880567}.Debug|x86.Build.0 = Debug|Win32
		{5C7698B5-7C40-4420-9546-DDFCC9880567}.Release|x64.ActiveCfg = Release|x64
		{5C7698B5-7C40-4420-9546-DDFCC9880567}.Release|x64.Build.0 = Release|x64
		{5C7698B5-7C40-4420-9546-DDFCC9880567}.Release|x86.ActiveCfg = Release|Win32
		{5C7698B5-7C40-4420-9546-DDFCC9880567}.Release|x86.Build.0 = Release|Win32
	EndGlobalSection
	GlobalSection(SolutionProperties) = preSolution
		HideSolutionNode = FALSE
	EndGlobalSection
	GlobalSection(ExtensibilityGlobals) = postSolution
		SolutionGuid = {DAEBA1AE-DFF4-45D6-8E97-224B03E2740D}
	EndGlobalSection
EndGlobal
